
Microsoft Visual Studio Solution File, Format Version 12.00
# Visual Studio 2013
VisualStudioVersion = 12.0.40629.0
MinimumVisualStudioVersion = 10.0.40219.1
Project("{FAE04EC0-301F-11D3-BF4B-00C04F79EFBC}") = "Moto", "Moto\Moto.csproj", "{AC77C17C-BADA-4A8B-8A3F-2A048CF6EBE6}"
EndProject
Project("{FAE04EC0-301F-11D3-BF4B-00C04F79EFBC}") = "Moto.Tests", "Moto.Tests\Moto.Tests.csproj", "{1F580C9E-6F67-4E87-8EA6-4A78368C7C7C}"
EndProject
Global
	GlobalSection(SolutionConfigurationPlatforms) = preSolution
		Debug|Any CPU = Debug|Any CPU
		Release|Any CPU = Release|Any CPU
	EndGlobalSection
	GlobalSection(ProjectConfigurationPlatforms) = postSolution
		{AC77C17C-BADA-4A8B-8A3F-2A048CF6EBE6}.Debug|Any CPU.ActiveCfg = Debug|Any CPU
		{AC77C17C-BADA-4A8B-8A3F-2A048CF6EBE6}.Debug|Any CPU.Build.0 = Debug|Any CPU
		{AC77C17C-BADA-4A8B-8A3F-2A048CF6EBE6}.Release|Any CPU.ActiveCfg = Release|Any CPU
		{AC77C17C-BADA-4A8B-8A3F-2A048CF6EBE6}.Release|Any CPU.Build.0 = Release|Any CPU
		{1F580C9E-6F67-4E87-8EA6-4A78368C7C7C}.Debug|Any CPU.ActiveCfg = Debug|Any CPU
		{1F580C9E-6F67-4E87-8EA6-4A78368C7C7C}.Debug|Any CPU.Build.0 = Debug|Any CPU
		{1F580C9E-6F67-4E87-8EA6-4A78368C7C7C}.Release|Any CPU.ActiveCfg = Release|Any CPU
		{1F580C9E-6F67-4E87-8EA6-4A78368C7C7C}.Release|Any CPU.Build.0 = Release|Any CPU
	EndGlobalSection
	GlobalSection(SolutionProperties) = preSolution
		HideSolutionNode = FALSE
	EndGlobalSection
EndGlobal
